
Microsoft Visual Studio Solution File, Format Version 12.00
# Visual Studio 15
VisualStudioVersion = 15.0.26403.0
MinimumVisualStudioVersion = 10.0.40219.1
Project("{FAE04EC0-301F-11D3-BF4B-00C04F79EFBC}") = "TileShop", "TileShop\TileShop.csproj", "{F12A8603-D3F7-4022-943A-F0199B644EFF}"
EndProject
Project("{FAE04EC0-301F-11D3-BF4B-00C04F79EFBC}") = "TIMParserPlugin", "TIMParserPlugin\TIMParserPlugin.csproj", "{9CDFBFF3-AE36-4E22-9444-3BA2E3DCFDFE}"
EndProject
Project("{FAE04EC0-301F-11D3-BF4B-00C04F79EFBC}") = "TileShop.UnitTests", "TileShop.UnitTests\TileShop.UnitTests.csproj", "{61FB8866-D01D-43B4-8C33-B5DA4F256206}"
EndProject
Global
	GlobalSection(SolutionConfigurationPlatforms) = preSolution
		Debug|Any CPU = Debug|Any CPU
		Release|Any CPU = Release|Any CPU
	EndGlobalSection
	GlobalSection(ProjectConfigurationPlatforms) = postSolution
		{F12A8603-D3F7-4022-943A-F0199B644EFF}.Debug|Any CPU.ActiveCfg = Debug|Any CPU
		{F12A8603-D3F7-4022-943A-F0199B644EFF}.Debug|Any CPU.Build.0 = Debug|Any CPU
		{F12A8603-D3F7-4022-943A-F0199B644EFF}.Release|Any CPU.ActiveCfg = Release|Any CPU
		{F12A8603-D3F7-4022-943A-F0199B644EFF}.Release|Any CPU.Build.0 = Release|Any CPU
		{9CDFBFF3-AE36-4E22-9444-3BA2E3DCFDFE}.Debug|Any CPU.ActiveCfg = Debug|Any CPU
		{9CDFBFF3-AE36-4E22-9444-3BA2E3DCFDFE}.Debug|Any CPU.Build.0 = Debug|Any CPU
		{9CDFBFF3-AE36-4E22-9444-3BA2E3DCFDFE}.Release|Any CPU.ActiveCfg = Release|Any CPU
		{9CDFBFF3-AE36-4E22-9444-3BA2E3DCFDFE}.Release|Any CPU.Build.0 = Release|Any CPU
		{61FB8866-D01D-43B4-8C33-B5DA4F256206}.Debug|Any CPU.ActiveCfg = Debug|Any CPU
		{61FB8866-D01D-43B4-8C33-B5DA4F256206}.Debug|Any CPU.Build.0 = Debug|Any CPU
		{61FB8866-D01D-43B4-8C33-B5DA4F256206}.Release|Any CPU.ActiveCfg = Release|Any CPU
		{61FB8866-D01D-43B4-8C33-B5DA4F256206}.Release|Any CPU.Build.0 = Release|Any CPU
	EndGlobalSection
	GlobalSection(SolutionProperties) = preSolution
		HideSolutionNode = FALSE
	EndGlobalSection
	GlobalSection(ExtensibilityGlobals) = postSolution
		SolutionGuid = {37532795-D6B4-458B-BDE6-F56495503FB4}
	EndGlobalSection
EndGlobal
